
Microsoft Visual Studio Solution File, Format Version 12.00
# Visual Studio Version 17
VisualStudioVersion = 17.8.34316.72
MinimumVisualStudioVersion = 10.0.40219.1
Project("{FAE04EC0-301F-11D3-BF4B-00C04F79EFBC}") = "AutomobileLibrary", "AutomobileLibrary\AutomobileLibrary.csproj", "{95F686D0-8871-45D1-A2BC-FE178A1285F0}"
EndProject
Project("{FAE04EC0-301F-11D3-BF4B-00C04F79EFBC}") = "AutomobileWinApp", "AutomobileWinApp\AutomobileWinApp.csproj", "{C4CFB25A-969B-4506-9525-424F7BA18CA0}"
EndProject
Global
	GlobalSection(SolutionConfigurationPlatforms) = preSolution
		Debug|Any CPU = Debug|Any CPU
		Release|Any CPU = Release|Any CPU
	EndGlobalSection
	GlobalSection(ProjectConfigurationPlatforms) = postSolution
		{95F686D0-8871-45D1-A2BC-FE178A1285F0}.Debug|Any CPU.ActiveCfg = Debug|Any CPU
		{95F686D0-8871-45D1-A2BC-FE178A1285F0}.Debug|Any CPU.Build.0 = Debug|Any CPU
		{95F686D0-8871-45D1-A2BC-FE178A1285F0}.Release|Any CPU.ActiveCfg = Release|Any CPU
		{95F686D0-8871-45D1-A2BC-FE178A1285F0}.Release|Any CPU.Build.0 = Release|Any CPU
		{C4CFB25A-969B-4506-9525-424F7BA18CA0}.Debug|Any CPU.ActiveCfg = Debug|Any CPU
		{C4CFB25A-969B-4506-9525-424F7BA18CA0}.Debug|Any CPU.Build.0 = Debug|Any CPU
		{C4CFB25A-969B-4506-9525-424F7BA18CA0}.Release|Any CPU.ActiveCfg = Release|Any CPU
		{C4CFB25A-969B-4506-9525-424F7BA18CA0}.Release|Any CPU.Build.0 = Release|Any CPU
	EndGlobalSection
	GlobalSection(SolutionProperties) = preSolution
		HideSolutionNode = FALSE
	EndGlobalSection
	GlobalSection(ExtensibilityGlobals) = postSolution
		SolutionGuid = {0EBC5BD5-C59B-4850-AD13-EC5D756CCC6E}
	EndGlobalSection
EndGlobal
